
Microsoft Visual Studio Solution File, Format Version 12.00
# Visual Studio Version 17
VisualStudioVersion = 17.10.34916.146
MinimumVisualStudioVersion = 10.0.40219.1
Project("{FAE04EC0-301F-11D3-BF4B-00C04F79EFBC}") = "PCCO104L.Activity.8", "PCCO104L.Activity.8\PCCO104L.Activity.8.csproj", "{02CB1AC5-6359-463F-9288-DB0D6C29AD6A}"
EndProject
Global
	GlobalSection(SolutionConfigurationPlatforms) = preSolution
		Debug|Any CPU = Debug|Any CPU
		Release|Any CPU = Release|Any CPU
	EndGlobalSection
	GlobalSection(ProjectConfigurationPlatforms) = postSolution
		{02CB1AC5-6359-463F-9288-DB0D6C29AD6A}.Debug|Any CPU.ActiveCfg = Debug|Any CPU
		{02CB1AC5-6359-463F-9288-DB0D6C29AD6A}.Debug|Any CPU.Build.0 = Debug|Any CPU
		{02CB1AC5-6359-463F-9288-DB0D6C29AD6A}.Release|Any CPU.ActiveCfg = Release|Any CPU
		{02CB1AC5-6359-463F-9288-DB0D6C29AD6A}.Release|Any CPU.Build.0 = Release|Any CPU
	EndGlobalSection
	GlobalSection(SolutionProperties) = preSolution
		HideSolutionNode = FALSE
	EndGlobalSection
	GlobalSection(ExtensibilityGlobals) = postSolution
		SolutionGuid = {56EC21F6-0356-4510-BCD7-C31DC5272E03}
	EndGlobalSection
EndGlobal
